dependencies:
- name: replicated
  repository: oci://registry.replicated.com/library
  version: 1.7.1
- name: rasa
  repository: oci://europe-west3-docker.pkg.dev/rasa-releases/helm-charts
  version: 1.2.7
digest: sha256:bc3474795d59027f66d2f70446c57eb0f1ff94edac1032e341426b4ab595be0c
generated: "2025-09-18T11:23:39.284808+02:00"
