dependencies:
- name: replicated
  repository: oci://registry.replicated.com/library
  version: 1.7.1
- name: rasa
  repository: oci://europe-west3-docker.pkg.dev/rasa-releases/helm-charts
  version: 1.2.6
digest: sha256:b4bbb7ab89e52be6bc59e6cafc88f54083057fb773e51405ed2167899b7e6c8b
generated: "2025-08-12T14:26:40.097471+02:00"
